
Microsoft Visual Studio Solution File, Format Version 12.00
# Visual Studio 15
VisualStudioVersion = 15.0.28307.136
MinimumVisualStudioVersion = 10.0.40219.1
Project("{FAE04EC0-301F-11D3-BF4B-00C04F79EFBC}") = "StandaloneBlazorSample", "StandaloneBlazorSample\StandaloneBlazorSample.csproj", "{072CB8AE-BB25-42CB-AF23-8765C19E0532}"
EndProject
Global
	GlobalSection(SolutionConfigurationPlatforms) = preSolution
		Debug|Any CPU = Debug|Any CPU
		Release|Any CPU = Release|Any CPU
	EndGlobalSection
	GlobalSection(ProjectConfigurationPlatforms) = postSolution
		{072CB8AE-BB25-42CB-AF23-8765C19E0532}.Debug|Any CPU.ActiveCfg = Debug|Any CPU
		{072CB8AE-BB25-42CB-AF23-8765C19E0532}.Debug|Any CPU.Build.0 = Debug|Any CPU
		{072CB8AE-BB25-42CB-AF23-8765C19E0532}.Release|Any CPU.ActiveCfg = Release|Any CPU
		{072CB8AE-BB25-42CB-AF23-8765C19E0532}.Release|Any CPU.Build.0 = Release|Any CPU
	EndGlobalSection
	GlobalSection(SolutionProperties) = preSolution
		HideSolutionNode = FALSE
	EndGlobalSection
	GlobalSection(ExtensibilityGlobals) = postSolution
		SolutionGuid = {1316FC7A-07A5-45C6-9AAB-8F8E04744862}
	EndGlobalSection
EndGlobal
