
Microsoft Visual Studio Solution File, Format Version 12.00
# Visual Studio 15
VisualStudioVersion = 15.0.28307.136
MinimumVisualStudioVersion = 10.0.40219.1
Project("{FAE04EC0-301F-11D3-BF4B-00C04F79EFBC}") = "RazorComponentsSample.Server", "RazorComponentsSample.Server\RazorComponentsSample.Server.csproj", "{40EFBA0A-58DD-4261-98BB-26D751615606}"
EndProject
Project("{FAE04EC0-301F-11D3-BF4B-00C04F79EFBC}") = "RazorComponentsSample.App", "RazorComponentsSample.App\RazorComponentsSample.App.csproj", "{76F16979-6D22-48E1-85AA-EA8741AC3C24}"
EndProject
Global
	GlobalSection(SolutionConfigurationPlatforms) = preSolution
		Debug|Any CPU = Debug|Any CPU
		Release|Any CPU = Release|Any CPU
	EndGlobalSection
	GlobalSection(ProjectConfigurationPlatforms) = postSolution
		{40EFBA0A-58DD-4261-98BB-26D751615606}.Debug|Any CPU.ActiveCfg = Debug|Any CPU
		{40EFBA0A-58DD-4261-98BB-26D751615606}.Debug|Any CPU.Build.0 = Debug|Any CPU
		{40EFBA0A-58DD-4261-98BB-26D751615606}.Release|Any CPU.ActiveCfg = Release|Any CPU
		{40EFBA0A-58DD-4261-98BB-26D751615606}.Release|Any CPU.Build.0 = Release|Any CPU
		{76F16979-6D22-48E1-85AA-EA8741AC3C24}.Debug|Any CPU.ActiveCfg = Debug|Any CPU
		{76F16979-6D22-48E1-85AA-EA8741AC3C24}.Debug|Any CPU.Build.0 = Debug|Any CPU
		{76F16979-6D22-48E1-85AA-EA8741AC3C24}.Release|Any CPU.ActiveCfg = Release|Any CPU
		{76F16979-6D22-48E1-85AA-EA8741AC3C24}.Release|Any CPU.Build.0 = Release|Any CPU
	EndGlobalSection
	GlobalSection(SolutionProperties) = preSolution
		HideSolutionNode = FALSE
	EndGlobalSection
	GlobalSection(ExtensibilityGlobals) = postSolution
		SolutionGuid = {819E7597-E88D-475F-9368-FF28A34B7C26}
	EndGlobalSection
EndGlobal
